
Microsoft Visual Studio Solution File, Format Version 12.00
# Visual Studio 2012
Project("{FAE04EC0-301F-11D3-BF4B-00C04F79EFBC}") = "EMSecure", "EMSecure\EMSecure.csproj", "{11D8D0B8-10F6-4754-8AE2-CC88E8C6A0CE}"
EndProject
Global
	GlobalSection(SolutionConfigurationPlatforms) = preSolution
		Debug|Any CPU = Debug|Any CPU
		Release|Any CPU = Release|Any CPU
	EndGlobalSection
	GlobalSection(ProjectConfigurationPlatforms) = postSolution
		{11D8D0B8-10F6-4754-8AE2-CC88E8C6A0CE}.Debug|Any CPU.ActiveCfg = Debug|Any CPU
		{11D8D0B8-10F6-4754-8AE2-CC88E8C6A0CE}.Debug|Any CPU.Build.0 = Debug|Any CPU
		{11D8D0B8-10F6-4754-8AE2-CC88E8C6A0CE}.Release|Any CPU.ActiveCfg = Release|Any CPU
		{11D8D0B8-10F6-4754-8AE2-CC88E8C6A0CE}.Release|Any CPU.Build.0 = Release|Any CPU
	EndGlobalSection
	GlobalSection(SolutionProperties) = preSolution
		HideSolutionNode = FALSE
	EndGlobalSection
EndGlobal
